PODS:
  - Alamofire (5.4.1)
  - BBSwiftUIKit (0.1.0)
  - SDWebImage (5.10.4):
    - SDWebImage/Core (= 5.10.4)
  - SDWebImage/Core (5.10.4)
  - SDWebImageSwiftUI (2.0.2):
    - SDWebImage (~> 5.10)

DEPENDENCIES:
  - Alamofire
  - BBSwiftUIKit
  - SDWebImageSwiftUI

SPEC REPOS:
  trunk:
    - Alamofire
    - BBSwiftUIKit
    - SDWebImage
    - SDWebImageSwiftUI

SPEC CHECKSUMS:
  Alamofire: 2291f7d21ca607c491dd17642e5d40fdcda0e65c
  BBSwiftUIKit: 4cff8ce7d7dabaa2a161b6435323bfae9eb14fed
  SDWebImage: c666b97e1fa9c64b4909816a903322018f0a9c84
  SDWebImageSwiftUI: 8a3923c95108312b03a599ec1498754af55a6819

PODFILE CHECKSUM: e3627c6f0da774a5de9ad73af2767eedc90e1938

COCOAPODS: 1.10.1
